// !$*UTF8*$!
{
	archiveVersion = 1;
	classes = {
	};
	objectVersion = 46;
	objects = {

/* Begin PBXBuildFile section */
		A6511E661C5F91BB0011BD40 /* main.m in Sources */ = {isa = PBXBuildFile; fileRef = A6511E651C5F91BB0011BD40 /* main.m */; };
		A6511E691C5F91BB0011BD40 /* AppDelegate.m in Sources */ = {isa = PBXBuildFile; fileRef = A6511E681C5F91BB0011BD40 /* AppDelegate.m */; };
		A6511E6C1C5F91BB0011BD40 /* HomePageViewController.m in Sources */ = {isa = PBXBuildFile; fileRef = A6511E6B1C5F91BB0011BD40 /* HomePageViewController.m */; };
		A6511E6F1C5F91BB0011BD40 /* Main.storyboard in Resources */ = {isa = PBXBuildFile; fileRef = A6511E6D1C5F91BB0011BD40 /* Main.storyboard */; };
		A6511E721C5F91BB0011BD40 /* LastWatchedEpisode.xcdatamodeld in Sources */ = {isa = PBXBuildFile; fileRef = A6511E701C5F91BB0011BD40 /* LastWatchedEpisode.xcdatamodeld */; };
		A6511E741C5F91BB0011BD40 /* Assets.xcassets in Resources */ = {isa = PBXBuildFile; fileRef = A6511E731C5F91BB0011BD40 /* Assets.xcassets */; };
		A6511E771C5F91BB0011BD40 /* LaunchScreen.storyboard in Resources */ = {isa = PBXBuildFile; fileRef = A6511E751C5F91BB0011BD40 /* LaunchScreen.storyboard */; };
		A6511E8B1C5F99A50011BD40 /* Contents.json in Resources */ = {isa = PBXBuildFile; fileRef = A6511E7F1C5F99A50011BD40 /* Contents.json */; };
		A6A6AEE31C6280890020DB3F /* FavoriteShowsViewController.m in Sources */ = {isa = PBXBuildFile; fileRef = A6A6AEE21C6280890020DB3F /* FavoriteShowsViewController.m */; };
		A6A6AEE61C641C7B0020DB3F /* AddMovieViewController.m in Sources */ = {isa = PBXBuildFile; fileRef = A6A6AEE51C641C7B0020DB3F /* AddMovieViewController.m */; };
		A6A6AEEA1C641E0F0020DB3F /* PMShow.m in Sources */ = {isa = PBXBuildFile; fileRef = A6A6AEE91C641E0F0020DB3F /* PMShow.m */; };
		A6A6AEED1C64C1D90020DB3F /* LocalData.m in Sources */ = {isa = PBXBuildFile; fileRef = A6A6AEEC1C64C1D90020DB3F /* LocalData.m */; };
/* End PBXBuildFile section */

/* Begin PBXFileReference section */
		A6511E611C5F91BA0011BD40 /* LastWatchedEpisode.app */ = {isa = PBXFileReference; explicitFileType = wrapper.application; includeInIndex = 0; path = LastWatchedEpisode.app; sourceTree = BUILT_PRODUCTS_DIR; };
		A6511E651C5F91BB0011BD40 /* main.m */ = {isa = PBXFileReference; lastKnownFileType = sourcecode.c.objc; path = main.m; sourceTree = "<group>"; };
		A6511E671C5F91BB0011BD40 /* AppDelegate.h */ = {isa = PBXFileReference; lastKnownFileType = sourcecode.c.h; path = AppDelegate.h; sourceTree = "<group>"; };
		A6511E681C5F91BB0011BD40 /* AppDelegate.m */ = {isa = PBXFileReference; lastKnownFileType = sourcecode.c.objc; path = AppDelegate.m; sourceTree = "<group>"; };
		A6511E6A1C5F91BB0011BD40 /* HomePageViewController.h */ = {isa = PBXFileReference; lastKnownFileType = sourcecode.c.h; path = HomePageViewController.h; sourceTree = "<group>"; };
		A6511E6B1C5F91BB0011BD40 /* HomePageViewController.m */ = {isa = PBXFileReference; lastKnownFileType = sourcecode.c.objc; path = HomePageViewController.m; sourceTree = "<group>"; };
		A6511E6E1C5F91BB0011BD40 /* Base */ = {isa = PBXFileReference; lastKnownFileType = file.storyboard; name = Base; path = Base.lproj/Main.storyboard; sourceTree = "<group>"; };
		A6511E711C5F91BB0011BD40 /* LastWatchedEpisode.xcdatamodel */ = {isa = PBXFileReference; lastKnownFileType = wrapper.xcdatamodel; path = LastWatchedEpisode.xcdatamodel; sourceTree = "<group>"; };
		A6511E731C5F91BB0011BD40 /* Assets.xcassets */ = {isa = PBXFileReference; lastKnownFileType = folder.assetcatalog; path = Assets.xcassets; sourceTree = "<group>"; };
		A6511E761C5F91BB0011BD40 /* Base */ = {isa = PBXFileReference; lastKnownFileType = file.storyboard; name = Base; path = Base.lproj/LaunchScreen.storyboard; sourceTree = "<group>"; };
		A6511E781C5F91BB0011BD40 /* Info.plist */ = {isa = PBXFileReference; lastKnownFileType = text.plist.xml; path = Info.plist; sourceTree = "<group>"; };
		A6511E7F1C5F99A50011BD40 /* Contents.json */ = {isa = PBXFileReference; fileEncoding = 4; lastKnownFileType = text.json; path = Contents.json; sourceTree = "<group>"; };
		A6A6AEE11C6280890020DB3F /* FavoriteShowsViewController.h */ = {isa = PBXFileReference; fileEncoding = 4; lastKnownFileType = sourcecode.c.h; path = FavoriteShowsViewController.h; sourceTree = "<group>"; };
		A6A6AEE21C6280890020DB3F /* FavoriteShowsViewController.m */ = {isa = PBXFileReference; fileEncoding = 4; lastKnownFileType = sourcecode.c.objc; path = FavoriteShowsViewController.m; sourceTree = "<group>"; };
		A6A6AEE41C641C7B0020DB3F /* AddMovieViewController.h */ = {isa = PBXFileReference; fileEncoding = 4; lastKnownFileType = sourcecode.c.h; path = AddMovieViewController.h; sourceTree = "<group>"; };
		A6A6AEE51C641C7B0020DB3F /* AddMovieViewController.m */ = {isa = PBXFileReference; fileEncoding = 4; lastKnownFileType = sourcecode.c.objc; path = AddMovieViewController.m; sourceTree = "<group>"; };
		A6A6AEE81C641E0F0020DB3F /* PMShow.h */ = {isa = PBXFileReference; fileEncoding = 4; lastKnownFileType = sourcecode.c.h; path = PMShow.h; sourceTree = "<group>"; };
		A6A6AEE91C641E0F0020DB3F /* PMShow.m */ = {isa = PBXFileReference; fileEncoding = 4; lastKnownFileType = sourcecode.c.objc; path = PMShow.m; sourceTree = "<group>"; };
		A6A6AEEB1C64C1D90020DB3F /* LocalData.h */ = {isa = PBXFileReference; fileEncoding = 4; lastKnownFileType = sourcecode.c.h; path = LocalData.h; sourceTree = "<group>"; };
		A6A6AEEC1C64C1D90020DB3F /* LocalData.m */ = {isa = PBXFileReference; fileEncoding = 4; lastKnownFileType = sourcecode.c.objc; path = LocalData.m; sourceTree = "<group>"; };
/* End PBXFileReference section */

/* Begin PBXFrameworksBuildPhase section */
		A6511E5E1C5F91BA0011BD40 /* Frameworks */ = {
			isa = PBXFrameworksBuildPhase;
			buildActionMask = 2147483647;
			files = (
			);
			runOnlyForDeploymentPostprocessing = 0;
		};
/* End PBXFrameworksBuildPhase section */

/* Begin PBXGroup section */
		A6511E581C5F91BA0011BD40 = {
			isa = PBXGroup;
			children = (
				A6511E631C5F91BA0011BD40 /* LastWatchedEpisode */,
				A6511E621C5F91BA0011BD40 /* Products */,
			);
			sourceTree = "<group>";
		};
		A6511E621C5F91BA0011BD40 /* Products */ = {
			isa = PBXGroup;
			children = (
				A6511E611C5F91BA0011BD40 /* LastWatchedEpisode.app */,
			);
			name = Products;
			sourceTree = "<group>";
		};
		A6511E631C5F91BA0011BD40 /* LastWatchedEpisode */ = {
			isa = PBXGroup;
			children = (
				A6A6AEE71C641DDB0020DB3F /* Models */,
				A6A6AEE01C6280370020DB3F /* ViewControllers */,
				A6511E671C5F91BB0011BD40 /* AppDelegate.h */,
				A6511E681C5F91BB0011BD40 /* AppDelegate.m */,
				A6511E6D1C5F91BB0011BD40 /* Main.storyboard */,
				A6511E731C5F91BB0011BD40 /* Assets.xcassets */,
				A6511E7E1C5F99A50011BD40 /* AppIcon.appiconset */,
				A6511E751C5F91BB0011BD40 /* LaunchScreen.storyboard */,
				A6511E781C5F91BB0011BD40 /* Info.plist */,
				A6511E701C5F91BB0011BD40 /* LastWatchedEpisode.xcdatamodeld */,
				A6511E641C5F91BB0011BD40 /* Supporting Files */,
				A6A6AEEB1C64C1D90020DB3F /* LocalData.h */,
				A6A6AEEC1C64C1D90020DB3F /* LocalData.m */,
			);
			path = LastWatchedEpisode;
			sourceTree = "<group>";
		};
		A6511E641C5F91BB0011BD40 /* Supporting Files */ = {
			isa = PBXGroup;
			children = (
				A6511E651C5F91BB0011BD40 /* main.m */,
			);
			name = "Supporting Files";
			sourceTree = "<group>";
		};
		A6511E7E1C5F99A50011BD40 /* AppIcon.appiconset */ = {
			isa = PBXGroup;
			children = (
				A6511E7F1C5F99A50011BD40 /* Contents.json */,
			);
			path = AppIcon.appiconset;
			sourceTree = "<group>";
		};
		A6A6AEE01C6280370020DB3F /* ViewControllers */ = {
			isa = PBXGroup;
			children = (
				A6511E6B1C5F91BB0011BD40 /* HomePageViewController.m */,
				A6511E6A1C5F91BB0011BD40 /* HomePageViewController.h */,
				A6A6AEE11C6280890020DB3F /* FavoriteShowsViewController.h */,
				A6A6AEE21C6280890020DB3F /* FavoriteShowsViewController.m */,
				A6A6AEE41C641C7B0020DB3F /* AddMovieViewController.h */,
				A6A6AEE51C641C7B0020DB3F /* AddMovieViewController.m */,
			);
			name = ViewControllers;
			sourceTree = "<group>";
		};
		A6A6AEE71C641DDB0020DB3F /* Models */ = {
			isa = PBXGroup;
			children = (
				A6A6AEE81C641E0F0020DB3F /* PMShow.h */,
				A6A6AEE91C641E0F0020DB3F /* PMShow.m */,
			);
			name = Models;
			sourceTree = "<group>";
		};
/* End PBXGroup section */

/* Begin PBXNativeTarget section */
		A6511E601C5F91BA0011BD40 /* LastWatchedEpisode */ = {
			isa = PBXNativeTarget;
			buildConfigurationList = A6511E7B1C5F91BB0011BD40 /* Build configuration list for PBXNativeTarget "LastWatchedEpisode" */;
			buildPhases = (
				A6511E5D1C5F91BA0011BD40 /* Sources */,
				A6511E5E1C5F91BA0011BD40 /* Frameworks */,
				A6511E5F1C5F91BA0011BD40 /* Resources */,
			);
			buildRules = (
			);
			dependencies = (
			);
			name = LastWatchedEpisode;
			productName = LastWatchedEpisode;
			productReference = A6511E611C5F91BA0011BD40 /* LastWatchedEpisode.app */;
			productType = "com.apple.product-type.application";
		};
/* End PBXNativeTarget section */

/* Begin PBXProject section */
		A6511E591C5F91BA0011BD40 /* Project object */ = {
			isa = PBXProject;
			attributes = {
				LastUpgradeCheck = 0720;
				ORGANIZATIONNAME = PeterMilchev;
				TargetAttributes = {
					A6511E601C5F91BA0011BD40 = {
						CreatedOnToolsVersion = 7.2;
						DevelopmentTeam = 6PG7KWU9WW;
					};
				};
			};
			buildConfigurationList = A6511E5C1C5F91BA0011BD40 /* Build configuration list for PBXProject "LastWatchedEpisode" */;
			compatibilityVersion = "Xcode 3.2";
			developmentRegion = English;
			hasScannedForEncodings = 0;
			knownRegions = (
				en,
				Base,
			);
			mainGroup = A6511E581C5F91BA0011BD40;
			productRefGroup = A6511E621C5F91BA0011BD40 /* Products */;
			projectDirPath = "";
			projectRoot = "";
			targets = (
				A6511E601C5F91BA0011BD40 /* LastWatchedEpisode */,
			);
		};
/* End PBXProject section */

/* Begin PBXResourcesBuildPhase section */
		A6511E5F1C5F91BA0011BD40 /* Resources */ = {
			isa = PBXResourcesBuildPhase;
			buildActionMask = 2147483647;
			files = (
				A6511E771C5F91BB0011BD40 /* LaunchScreen.storyboard in Resources */,
				A6511E741C5F91BB0011BD40 /* Assets.xcassets in Resources */,
				A6511E6F1C5F91BB0011BD40 /* Main.storyboard in Resources */,
				A6511E8B1C5F99A50011BD40 /* Contents.json in Resources */,
			);
			runOnlyForDeploymentPostprocessing = 0;
		};
/* End PBXResourcesBuildPhase section */

/* Begin PBXSourcesBuildPhase section */
		A6511E5D1C5F91BA0011BD40 /* Sources */ = {
			isa = PBXSourcesBuildPhase;
			buildActionMask = 2147483647;
			files = (
				A6A6AEE31C6280890020DB3F /* FavoriteShowsViewController.m in Sources */,
				A6511E721C5F91BB0011BD40 /* LastWatchedEpisode.xcdatamodeld in Sources */,
				A6A6AEEA1C641E0F0020DB3F /* PMShow.m in Sources */,
				A6A6AEED1C64C1D90020DB3F /* LocalData.m in Sources */,
				A6511E6C1C5F91BB0011BD40 /* HomePageViewController.m in Sources */,
				A6A6AEE61C641C7B0020DB3F /* AddMovieViewController.m in Sources */,
				A6511E691C5F91BB0011BD40 /* AppDelegate.m in Sources */,
				A6511E661C5F91BB0011BD40 /* main.m in Sources */,
			);
			runOnlyForDeploymentPostprocessing = 0;
		};
/* End PBXSourcesBuildPhase section */

/* Begin PBXVariantGroup section */
		A6511E6D1C5F91BB0011BD40 /* Main.storyboard */ = {
			isa = PBXVariantGroup;
			children = (
				A6511E6E1C5F91BB0011BD40 /* Base */,
			);
			name = Main.storyboard;
			sourceTree = "<group>";
		};
		A6511E751C5F91BB0011BD40 /* LaunchScreen.storyboard */ = {
			isa = PBXVariantGroup;
			children = (
				A6511E761C5F91BB0011BD40 /* Base */,
			);
			name = LaunchScreen.storyboard;
			sourceTree = "<group>";
		};
/* End PBXVariantGroup section */

/* Begin XCBuildConfiguration section */
		A6511E791C5F91BB0011BD40 /* Debug */ = {
			isa = XCBuildConfiguration;
			buildSettings = {
				ALWAYS_SEARCH_USER_PATHS = NO;
				CLANG_CXX_LANGUAGE_STANDARD = "gnu++0x";
				CLANG_CXX_LIBRARY = "libc++";
				CLANG_ENABLE_MODULES = YES;
				CLANG_ENABLE_OBJC_ARC = YES;
				CLANG_WARN_BOOL_CONVERSION = YES;
				CLANG_WARN_CONSTANT_CONVERSION = YES;
				CLANG_WARN_DIRECT_OBJC_ISA_USAGE = YES_ERROR;
				CLANG_WARN_EMPTY_BODY = YES;
				CLANG_WARN_ENUM_CONVERSION = YES;
				CLANG_WARN_INT_CONVERSION = YES;
				CLANG_WARN_OBJC_ROOT_CLASS = YES_ERROR;
				CLANG_WARN_UNREACHABLE_CODE = YES;
				CLANG_WARN__DUPLICATE_METHOD_MATCH = YES;
				"CODE_SIGN_IDENTITY[sdk=iphoneos*]" = "iPhone Developer";
				COPY_PHASE_STRIP = NO;
				DEBUG_INFORMATION_FORMAT = dwarf;
				ENABLE_STRICT_OBJC_MSGSEND = YES;
				ENABLE_TESTABILITY = YES;
				GCC_C_LANGUAGE_STANDARD = gnu99;
				GCC_DYNAMIC_NO_PIC = NO;
				GCC_NO_COMMON_BLOCKS = YES;
				GCC_OPTIMIZATION_LEVEL = 0;
				GCC_PREPROCESSOR_DEFINITIONS = (
					"DEBUG=1",
					"$(inherited)",
				);
				GCC_WARN_64_TO_32_BIT_CONVERSION = YES;
				GCC_WARN_ABOUT_RETURN_TYPE = YES_ERROR;
				GCC_WARN_UNDECLARED_SELECTOR = YES;
				GCC_WARN_UNINITIALIZED_AUTOS = YES_AGGRESSIVE;
				GCC_WARN_UNUSED_FUNCTION = YES;
				GCC_WARN_UNUSED_VARIABLE = YES;
				IPHONEOS_DEPLOYMENT_TARGET = 9.2;
				MTL_ENABLE_DEBUG_INFO = YES;
				ONLY_ACTIVE_ARCH = YES;
				SDKROOT = iphoneos;
			};
			name = Debug;
		};
		A6511E7A1C5F91BB0011BD40 /* Release */ = {
			isa = XCBuildConfiguration;
			buildSettings = {
				ALWAYS_SEARCH_USER_PATHS = NO;
				CLANG_CXX_LANGUAGE_STANDARD = "gnu++0x";
				CLANG_CXX_LIBRARY = "libc++";
				CLANG_ENABLE_MODULES = YES;
				CLANG_ENABLE_OBJC_ARC = YES;
				CLANG_WARN_BOOL_CONVERSION = YES;
				CLANG_WARN_CONSTANT_CONVERSION = YES;
				CLANG_WARN_DIRECT_OBJC_ISA_USAGE = YES_ERROR;
				CLANG_WARN_EMPTY_BODY = YES;
				CLANG_WARN_ENUM_CONVERSION = YES;
				CLANG_WARN_INT_CONVERSION = YES;
				CLANG_WARN_OBJC_ROOT_CLASS = YES_ERROR;
				CLANG_WARN_UNREACHABLE_CODE = YES;
				CLANG_WARN__DUPLICATE_METHOD_MATCH = YES;
				"CODE_SIGN_IDENTITY[sdk=iphoneos*]" = "iPhone Developer";
				COPY_PHASE_STRIP = NO;
				DEBUG_INFORMATION_FORMAT = "dwarf-with-dsym";
				ENABLE_NS_ASSERTIONS = NO;
				ENABLE_STRICT_OBJC_MSGSEND = YES;
				GCC_C_LANGUAGE_STANDARD = gnu99;
				GCC_NO_COMMON_BLOCKS = YES;
				GCC_WARN_64_TO_32_BIT_CONVERSION = YES;
				GCC_WARN_ABOUT_RETURN_TYPE = YES_ERROR;
				GCC_WARN_UNDECLARED_SELECTOR = YES;
				GCC_WARN_UNINITIALIZED_AUTOS = YES_AGGRESSIVE;
				GCC_WARN_UNUSED_FUNCTION = YES;
				GCC_WARN_UNUSED_VARIABLE = YES;
				IPHONEOS_DEPLOYMENT_TARGET = 9.2;
				MTL_ENABLE_DEBUG_INFO = NO;
				SDKROOT = iphoneos;
				VALIDATE_PRODUCT = YES;
			};
			name = Release;
		};
		A6511E7C1C5F91BB0011BD40 /* Debug */ = {
			isa = XCBuildConfiguration;
			buildSettings = {
				ASSETCATALOG_COMPILER_APPICON_NAME = AppIcon;
				INFOPLIST_FILE = LastWatchedEpisode/Info.plist;
				LD_RUNPATH_SEARCH_PATHS = "$(inherited) @executable_path/Frameworks";
				PRODUCT_BUNDLE_IDENTIFIER = PM.LastWatchedEpisode;
				PRODUCT_NAME = "$(TARGET_NAME)";
			};
			name = Debug;
		};
		A6511E7D1C5F91BB0011BD40 /* Release */ = {
			isa = XCBuildConfiguration;
			buildSettings = {
				ASSETCATALOG_COMPILER_APPICON_NAME = AppIcon;
				INFOPLIST_FILE = LastWatchedEpisode/Info.plist;
				LD_RUNPATH_SEARCH_PATHS = "$(inherited) @executable_path/Frameworks";
				PRODUCT_BUNDLE_IDENTIFIER = PM.LastWatchedEpisode;
				PRODUCT_NAME = "$(TARGET_NAME)";
			};
			name = Release;
		};
/* End XCBuildConfiguration section */

/* Begin XCConfigurationList section */
		A6511E5C1C5F91BA0011BD40 /* Build configuration list for PBXProject "LastWatchedEpisode" */ = {
			isa = XCConfigurationList;
			buildConfigurations = (
				A6511E791C5F91BB0011BD40 /* Debug */,
				A6511E7A1C5F91BB0011BD40 /* Release */,
			);
			defaultConfigurationIsVisible = 0;
			defaultConfigurationName = Release;
		};
		A6511E7B1C5F91BB0011BD40 /* Build configuration list for PBXNativeTarget "LastWatchedEpisode" */ = {
			isa = XCConfigurationList;
			buildConfigurations = (
				A6511E7C1C5F91BB0011BD40 /* Debug */,
				A6511E7D1C5F91BB0011BD40 /* Release */,
			);
			defaultConfigurationIsVisible = 0;
			defaultConfigurationName = Release;
		};
/* End XCConfigurationList section */

/* Begin XCVersionGroup section */
		A6511E701C5F91BB0011BD40 /* LastWatchedEpisode.xcdatamodeld */ = {
			isa = XCVersionGroup;
			children = (
				A6511E711C5F91BB0011BD40 /* LastWatchedEpisode.xcdatamodel */,
			);
			currentVersion = A6511E711C5F91BB0011BD40 /* LastWatchedEpisode.xcdatamodel */;
			path = LastWatchedEpisode.xcdatamodeld;
			sourceTree = "<group>";
			versionGroupType = wrapper.xcdatamodel;
		};
/* End XCVersionGroup section */
	};
	rootObject = A6511E591C5F91BA0011BD40 /* Project object */;
}
