// !$*UTF8*$!
{
	archiveVersion = 1;
	classes = {
	};
	objectVersion = 46;
	objects = {

/* Begin PBXBuildFile section */
		3B2E03A38F6E54DC22DB56AE /* libPods-LastWatchedEpisode.a in Frameworks */ = {isa = PBXBuildFile; fileRef = E99DD424645340C3339EEF9C /* libPods-LastWatchedEpisode.a */; };
		A60094B61C6606D90016CCC8 /* BrowseShowsViewController.m in Sources */ = {isa = PBXBuildFile; fileRef = A60094B51C6606D90016CCC8 /* BrowseShowsViewController.m */; };
		A628668F1C6634C00009CA57 /* RemoteShowDetailsViewController.m in Sources */ = {isa = PBXBuildFile; fileRef = A628668E1C6634C00009CA57 /* RemoteShowDetailsViewController.m */; };
		A62866921C66989D0009CA57 /* CheckInternet.m in Sources */ = {isa = PBXBuildFile; fileRef = A62866911C66989D0009CA57 /* CheckInternet.m */; };
		A62866951C669A670009CA57 /* Reachability.m in Sources */ = {isa = PBXBuildFile; fileRef = A62866941C669A670009CA57 /* Reachability.m */; };
		A6511E661C5F91BB0011BD40 /* main.m in Sources */ = {isa = PBXBuildFile; fileRef = A6511E651C5F91BB0011BD40 /* main.m */; };
		A6511E691C5F91BB0011BD40 /* AppDelegate.m in Sources */ = {isa = PBXBuildFile; fileRef = A6511E681C5F91BB0011BD40 /* AppDelegate.m */; };
		A6511E6C1C5F91BB0011BD40 /* HomePageViewController.m in Sources */ = {isa = PBXBuildFile; fileRef = A6511E6B1C5F91BB0011BD40 /* HomePageViewController.m */; };
		A6511E6F1C5F91BB0011BD40 /* Main.storyboard in Resources */ = {isa = PBXBuildFile; fileRef = A6511E6D1C5F91BB0011BD40 /* Main.storyboard */; };
		A6511E721C5F91BB0011BD40 /* LastWatchedEpisode.xcdatamodeld in Sources */ = {isa = PBXBuildFile; fileRef = A6511E701C5F91BB0011BD40 /* LastWatchedEpisode.xcdatamodeld */; };
		A6511E741C5F91BB0011BD40 /* Assets.xcassets in Resources */ = {isa = PBXBuildFile; fileRef = A6511E731C5F91BB0011BD40 /* Assets.xcassets */; };
		A6511E771C5F91BB0011BD40 /* LaunchScreen.storyboard in Resources */ = {isa = PBXBuildFile; fileRef = A6511E751C5F91BB0011BD40 /* LaunchScreen.storyboard */; };
		A6511E8B1C5F99A50011BD40 /* Contents.json in Resources */ = {isa = PBXBuildFile; fileRef = A6511E7F1C5F99A50011BD40 /* Contents.json */; };
		A6A6AEE31C6280890020DB3F /* FavoriteShowsViewController.m in Sources */ = {isa = PBXBuildFile; fileRef = A6A6AEE21C6280890020DB3F /* FavoriteShowsViewController.m */; };
		A6A6AEE61C641C7B0020DB3F /* AddMovieViewController.m in Sources */ = {isa = PBXBuildFile; fileRef = A6A6AEE51C641C7B0020DB3F /* AddMovieViewController.m */; };
		A6A6AEEA1C641E0F0020DB3F /* PMShow.m in Sources */ = {isa = PBXBuildFile; fileRef = A6A6AEE91C641E0F0020DB3F /* PMShow.m */; };
		A6A6AEED1C64C1D90020DB3F /* LocalData.m in Sources */ = {isa = PBXBuildFile; fileRef = A6A6AEEC1C64C1D90020DB3F /* LocalData.m */; };
		A6D64B191C65739000919A89 /* PMHttpData.m in Sources */ = {isa = PBXBuildFile; fileRef = A6D64B181C65739000919A89 /* PMHttpData.m */; };
		A6D64B221C65768700919A89 /* PopularShowsViewController.m in Sources */ = {isa = PBXBuildFile; fileRef = A6D64B211C65768700919A89 /* PopularShowsViewController.m */; };
		A6F953261C66DB2700810690 /* TrendingShowsViewController.m in Sources */ = {isa = PBXBuildFile; fileRef = A6F953251C66DB2700810690 /* TrendingShowsViewController.m */; };
		A6F953291C6739D200810690 /* PMShowModel.m in Sources */ = {isa = PBXBuildFile; fileRef = A6F953281C6739D200810690 /* PMShowModel.m */; };
		A6F9532C1C673B4000810690 /* Episode.m in Sources */ = {isa = PBXBuildFile; fileRef = A6F9532B1C673B4000810690 /* Episode.m */; };
		A6F9532F1C673BE000810690 /* Schedule.m in Sources */ = {isa = PBXBuildFile; fileRef = A6F9532E1C673BE000810690 /* Schedule.m */; };
		A6F953321C67693500810690 /* LocalShowDetailsViewController.m in Sources */ = {isa = PBXBuildFile; fileRef = A6F953311C67693500810690 /* LocalShowDetailsViewController.m */; };
		A6F953381C67E35700810690 /* FavoriteShowsTableViewCell.m in Sources */ = {isa = PBXBuildFile; fileRef = A6F953361C67E35700810690 /* FavoriteShowsTableViewCell.m */; };
		A6F953391C67E35700810690 /* FavoriteShowsTableViewCell.xib in Resources */ = {isa = PBXBuildFile; fileRef = A6F953371C67E35700810690 /* FavoriteShowsTableViewCell.xib */; };
		A6F9533D1C67EEC500810690 /* TopShowsTableViewCell.m in Sources */ = {isa = PBXBuildFile; fileRef = A6F9533B1C67EEC500810690 /* TopShowsTableViewCell.m */; };
		A6F9533E1C67EEC500810690 /* TopShowsTableViewCell.xib in Resources */ = {isa = PBXBuildFile; fileRef = A6F9533C1C67EEC500810690 /* TopShowsTableViewCell.xib */; };
		A6F953411C68448C00810690 /* PMButton.m in Sources */ = {isa = PBXBuildFile; fileRef = A6F953401C68448C00810690 /* PMButton.m */; };
/* End PBXBuildFile section */

/* Begin PBXFileReference section */
		140910E68AC90C2E8C7274CA /* Pods-LastWatchedEpisode.release.xcconfig */ = {isa = PBXFileReference; includeInIndex = 1; lastKnownFileType = text.xcconfig; name = "Pods-LastWatchedEpisode.release.xcconfig"; path = "Pods/Target Support Files/Pods-LastWatchedEpisode/Pods-LastWatchedEpisode.release.xcconfig"; sourceTree = "<group>"; };
		A60094B41C6606D90016CCC8 /* BrowseShowsViewController.h */ = {isa = PBXFileReference; fileEncoding = 4; lastKnownFileType = sourcecode.c.h; path = BrowseShowsViewController.h; sourceTree = "<group>"; };
		A60094B51C6606D90016CCC8 /* BrowseShowsViewController.m */ = {isa = PBXFileReference; fileEncoding = 4; lastKnownFileType = sourcecode.c.objc; path = BrowseShowsViewController.m; sourceTree = "<group>"; };
		A628668D1C6634C00009CA57 /* RemoteShowDetailsViewController.h */ = {isa = PBXFileReference; fileEncoding = 4; lastKnownFileType = sourcecode.c.h; path = RemoteShowDetailsViewController.h; sourceTree = "<group>"; };
		A628668E1C6634C00009CA57 /* RemoteShowDetailsViewController.m */ = {isa = PBXFileReference; fileEncoding = 4; lastKnownFileType = sourcecode.c.objc; path = RemoteShowDetailsViewController.m; sourceTree = "<group>"; };
		A62866901C66989D0009CA57 /* CheckInternet.h */ = {isa = PBXFileReference; fileEncoding = 4; lastKnownFileType = sourcecode.c.h; path = CheckInternet.h; sourceTree = "<group>"; };
		A62866911C66989D0009CA57 /* CheckInternet.m */ = {isa = PBXFileReference; fileEncoding = 4; lastKnownFileType = sourcecode.c.objc; path = CheckInternet.m; sourceTree = "<group>"; };
		A62866931C669A670009CA57 /* Reachability.h */ = {isa = PBXFileReference; fileEncoding = 4; lastKnownFileType = sourcecode.c.h; path = Reachability.h; sourceTree = "<group>"; };
		A62866941C669A670009CA57 /* Reachability.m */ = {isa = PBXFileReference; fileEncoding = 4; lastKnownFileType = sourcecode.c.objc; path = Reachability.m; sourceTree = "<group>"; };
		A6511E611C5F91BA0011BD40 /* LastWatchedEpisode.app */ = {isa = PBXFileReference; explicitFileType = wrapper.application; includeInIndex = 0; path = LastWatchedEpisode.app; sourceTree = BUILT_PRODUCTS_DIR; };
		A6511E651C5F91BB0011BD40 /* main.m */ = {isa = PBXFileReference; lastKnownFileType = sourcecode.c.objc; path = main.m; sourceTree = "<group>"; };
		A6511E671C5F91BB0011BD40 /* AppDelegate.h */ = {isa = PBXFileReference; lastKnownFileType = sourcecode.c.h; path = AppDelegate.h; sourceTree = "<group>"; };
		A6511E681C5F91BB0011BD40 /* AppDelegate.m */ = {isa = PBXFileReference; lastKnownFileType = sourcecode.c.objc; path = AppDelegate.m; sourceTree = "<group>"; };
		A6511E6A1C5F91BB0011BD40 /* HomePageViewController.h */ = {isa = PBXFileReference; lastKnownFileType = sourcecode.c.h; path = HomePageViewController.h; sourceTree = "<group>"; };
		A6511E6B1C5F91BB0011BD40 /* HomePageViewController.m */ = {isa = PBXFileReference; lastKnownFileType = sourcecode.c.objc; path = HomePageViewController.m; sourceTree = "<group>"; };
		A6511E6E1C5F91BB0011BD40 /* Base */ = {isa = PBXFileReference; lastKnownFileType = file.storyboard; name = Base; path = Base.lproj/Main.storyboard; sourceTree = "<group>"; };
		A6511E711C5F91BB0011BD40 /* LastWatchedEpisode.xcdatamodel */ = {isa = PBXFileReference; lastKnownFileType = wrapper.xcdatamodel; path = LastWatchedEpisode.xcdatamodel; sourceTree = "<group>"; };
		A6511E731C5F91BB0011BD40 /* Assets.xcassets */ = {isa = PBXFileReference; lastKnownFileType = folder.assetcatalog; path = Assets.xcassets; sourceTree = "<group>"; };
		A6511E761C5F91BB0011BD40 /* Base */ = {isa = PBXFileReference; lastKnownFileType = file.storyboard; name = Base; path = Base.lproj/LaunchScreen.storyboard; sourceTree = "<group>"; };
		A6511E781C5F91BB0011BD40 /* Info.plist */ = {isa = PBXFileReference; lastKnownFileType = text.plist.xml; path = Info.plist; sourceTree = "<group>"; };
		A6511E7F1C5F99A50011BD40 /* Contents.json */ = {isa = PBXFileReference; fileEncoding = 4; lastKnownFileType = text.json; path = Contents.json; sourceTree = "<group>"; };
		A6A6AEE11C6280890020DB3F /* FavoriteShowsViewController.h */ = {isa = PBXFileReference; fileEncoding = 4; lastKnownFileType = sourcecode.c.h; path = FavoriteShowsViewController.h; sourceTree = "<group>"; };
		A6A6AEE21C6280890020DB3F /* FavoriteShowsViewController.m */ = {isa = PBXFileReference; fileEncoding = 4; lastKnownFileType = sourcecode.c.objc; path = FavoriteShowsViewController.m; sourceTree = "<group>"; };
		A6A6AEE41C641C7B0020DB3F /* AddMovieViewController.h */ = {isa = PBXFileReference; fileEncoding = 4; lastKnownFileType = sourcecode.c.h; path = AddMovieViewController.h; sourceTree = "<group>"; };
		A6A6AEE51C641C7B0020DB3F /* AddMovieViewController.m */ = {isa = PBXFileReference; fileEncoding = 4; lastKnownFileType = sourcecode.c.objc; path = AddMovieViewController.m; sourceTree = "<group>"; };
		A6A6AEE81C641E0F0020DB3F /* PMShow.h */ = {isa = PBXFileReference; fileEncoding = 4; lastKnownFileType = sourcecode.c.h; path = PMShow.h; sourceTree = "<group>"; };
		A6A6AEE91C641E0F0020DB3F /* PMShow.m */ = {isa = PBXFileReference; fileEncoding = 4; lastKnownFileType = sourcecode.c.objc; path = PMShow.m; sourceTree = "<group>"; };
		A6A6AEEB1C64C1D90020DB3F /* LocalData.h */ = {isa = PBXFileReference; fileEncoding = 4; lastKnownFileType = sourcecode.c.h; path = LocalData.h; sourceTree = "<group>"; };
		A6A6AEEC1C64C1D90020DB3F /* LocalData.m */ = {isa = PBXFileReference; fileEncoding = 4; lastKnownFileType = sourcecode.c.objc; path = LocalData.m; sourceTree = "<group>"; };
		A6D64B171C65739000919A89 /* PMHttpData.h */ = {isa = PBXFileReference; fileEncoding = 4; lastKnownFileType = sourcecode.c.h; path = PMHttpData.h; sourceTree = "<group>"; };
		A6D64B181C65739000919A89 /* PMHttpData.m */ = {isa = PBXFileReference; fileEncoding = 4; lastKnownFileType = sourcecode.c.objc; path = PMHttpData.m; sourceTree = "<group>"; };
		A6D64B1A1C6573BF00919A89 /* PMHttpDataModel.h */ = {isa = PBXFileReference; fileEncoding = 4; lastKnownFileType = sourcecode.c.h; path = PMHttpDataModel.h; sourceTree = "<group>"; };
		A6D64B201C65768700919A89 /* PopularShowsViewController.h */ = {isa = PBXFileReference; fileEncoding = 4; lastKnownFileType = sourcecode.c.h; path = PopularShowsViewController.h; sourceTree = "<group>"; };
		A6D64B211C65768700919A89 /* PopularShowsViewController.m */ = {isa = PBXFileReference; fileEncoding = 4; lastKnownFileType = sourcecode.c.objc; path = PopularShowsViewController.m; sourceTree = "<group>"; };
		A6F953241C66DB2700810690 /* TrendingShowsViewController.h */ = {isa = PBXFileReference; fileEncoding = 4; lastKnownFileType = sourcecode.c.h; path = TrendingShowsViewController.h; sourceTree = "<group>"; };
		A6F953251C66DB2700810690 /* TrendingShowsViewController.m */ = {isa = PBXFileReference; fileEncoding = 4; lastKnownFileType = sourcecode.c.objc; path = TrendingShowsViewController.m; sourceTree = "<group>"; };
		A6F953271C6739D200810690 /* PMShowModel.h */ = {isa = PBXFileReference; fileEncoding = 4; lastKnownFileType = sourcecode.c.h; path = PMShowModel.h; sourceTree = "<group>"; };
		A6F953281C6739D200810690 /* PMShowModel.m */ = {isa = PBXFileReference; fileEncoding = 4; lastKnownFileType = sourcecode.c.objc; path = PMShowModel.m; sourceTree = "<group>"; };
		A6F9532A1C673B4000810690 /* Episode.h */ = {isa = PBXFileReference; fileEncoding = 4; lastKnownFileType = sourcecode.c.h; path = Episode.h; sourceTree = "<group>"; };
		A6F9532B1C673B4000810690 /* Episode.m */ = {isa = PBXFileReference; fileEncoding = 4; lastKnownFileType = sourcecode.c.objc; path = Episode.m; sourceTree = "<group>"; };
		A6F9532D1C673BE000810690 /* Schedule.h */ = {isa = PBXFileReference; fileEncoding = 4; lastKnownFileType = sourcecode.c.h; path = Schedule.h; sourceTree = "<group>"; };
		A6F9532E1C673BE000810690 /* Schedule.m */ = {isa = PBXFileReference; fileEncoding = 4; lastKnownFileType = sourcecode.c.objc; path = Schedule.m; sourceTree = "<group>"; };
		A6F953301C67693500810690 /* LocalShowDetailsViewController.h */ = {isa = PBXFileReference; fileEncoding = 4; lastKnownFileType = sourcecode.c.h; path = LocalShowDetailsViewController.h; sourceTree = "<group>"; };
		A6F953311C67693500810690 /* LocalShowDetailsViewController.m */ = {isa = PBXFileReference; fileEncoding = 4; lastKnownFileType = sourcecode.c.objc; path = LocalShowDetailsViewController.m; sourceTree = "<group>"; };
		A6F953351C67E35700810690 /* FavoriteShowsTableViewCell.h */ = {isa = PBXFileReference; fileEncoding = 4; lastKnownFileType = sourcecode.c.h; path = FavoriteShowsTableViewCell.h; sourceTree = "<group>"; };
		A6F953361C67E35700810690 /* FavoriteShowsTableViewCell.m */ = {isa = PBXFileReference; fileEncoding = 4; lastKnownFileType = sourcecode.c.objc; path = FavoriteShowsTableViewCell.m; sourceTree = "<group>"; };
		A6F953371C67E35700810690 /* FavoriteShowsTableViewCell.xib */ = {isa = PBXFileReference; fileEncoding = 4; lastKnownFileType = file.xib; path = FavoriteShowsTableViewCell.xib; sourceTree = "<group>"; };
		A6F9533A1C67EEC500810690 /* TopShowsTableViewCell.h */ = {isa = PBXFileReference; fileEncoding = 4; lastKnownFileType = sourcecode.c.h; path = TopShowsTableViewCell.h; sourceTree = "<group>"; };
		A6F9533B1C67EEC500810690 /* TopShowsTableViewCell.m */ = {isa = PBXFileReference; fileEncoding = 4; lastKnownFileType = sourcecode.c.objc; path = TopShowsTableViewCell.m; sourceTree = "<group>"; };
		A6F9533C1C67EEC500810690 /* TopShowsTableViewCell.xib */ = {isa = PBXFileReference; fileEncoding = 4; lastKnownFileType = file.xib; path = TopShowsTableViewCell.xib; sourceTree = "<group>"; };
		A6F9533F1C68448C00810690 /* PMButton.h */ = {isa = PBXFileReference; fileEncoding = 4; lastKnownFileType = sourcecode.c.h; path = PMButton.h; sourceTree = "<group>"; };
		A6F953401C68448C00810690 /* PMButton.m */ = {isa = PBXFileReference; fileEncoding = 4; lastKnownFileType = sourcecode.c.objc; path = PMButton.m; sourceTree = "<group>"; };
		AE761C722F52B627E9D1BA8B /* Pods-LastWatchedEpisode.debug.xcconfig */ = {isa = PBXFileReference; includeInIndex = 1; lastKnownFileType = text.xcconfig; name = "Pods-LastWatchedEpisode.debug.xcconfig"; path = "Pods/Target Support Files/Pods-LastWatchedEpisode/Pods-LastWatchedEpisode.debug.xcconfig"; sourceTree = "<group>"; };
		E99DD424645340C3339EEF9C /* libPods-LastWatchedEpisode.a */ = {isa = PBXFileReference; explicitFileType = archive.ar; includeInIndex = 0; path = "libPods-LastWatchedEpisode.a"; sourceTree = BUILT_PRODUCTS_DIR; };
/* End PBXFileReference section */

/* Begin PBXFrameworksBuildPhase section */
		A6511E5E1C5F91BA0011BD40 /* Frameworks */ = {
			isa = PBXFrameworksBuildPhase;
			buildActionMask = 2147483647;
			files = (
				3B2E03A38F6E54DC22DB56AE /* libPods-LastWatchedEpisode.a in Frameworks */,
			);
			runOnlyForDeploymentPostprocessing = 0;
		};
/* End PBXFrameworksBuildPhase section */

/* Begin PBXGroup section */
		1560E630FF151966AA32955E /* Pods */ = {
			isa = PBXGroup;
			children = (
				AE761C722F52B627E9D1BA8B /* Pods-LastWatchedEpisode.debug.xcconfig */,
				140910E68AC90C2E8C7274CA /* Pods-LastWatchedEpisode.release.xcconfig */,
			);
			name = Pods;
			sourceTree = "<group>";
		};
		9F94372AA8DBFA8CA009F931 /* Frameworks */ = {
			isa = PBXGroup;
			children = (
				E99DD424645340C3339EEF9C /* libPods-LastWatchedEpisode.a */,
			);
			name = Frameworks;
			sourceTree = "<group>";
		};
		A6511E581C5F91BA0011BD40 = {
			isa = PBXGroup;
			children = (
				A6511E631C5F91BA0011BD40 /* LastWatchedEpisode */,
				A6511E621C5F91BA0011BD40 /* Products */,
				1560E630FF151966AA32955E /* Pods */,
				9F94372AA8DBFA8CA009F931 /* Frameworks */,
			);
			sourceTree = "<group>";
		};
		A6511E621C5F91BA0011BD40 /* Products */ = {
			isa = PBXGroup;
			children = (
				A6511E611C5F91BA0011BD40 /* LastWatchedEpisode.app */,
			);
			name = Products;
			sourceTree = "<group>";
		};
		A6511E631C5F91BA0011BD40 /* LastWatchedEpisode */ = {
			isa = PBXGroup;
			children = (
				A6F953341C67E32400810690 /* Views */,
				A6F953331C67E30D00810690 /* InternetConnection */,
				A6D64B161C65735C00919A89 /* Data */,
				A6D64B151C65735100919A89 /* HttpData */,
				A6A6AEE71C641DDB0020DB3F /* Models */,
				A6A6AEE01C6280370020DB3F /* ViewControllers */,
				A6511E671C5F91BB0011BD40 /* AppDelegate.h */,
				A6511E681C5F91BB0011BD40 /* AppDelegate.m */,
				A6511E6D1C5F91BB0011BD40 /* Main.storyboard */,
				A6511E731C5F91BB0011BD40 /* Assets.xcassets */,
				A6511E7E1C5F99A50011BD40 /* AppIcon.appiconset */,
				A6511E751C5F91BB0011BD40 /* LaunchScreen.storyboard */,
				A6511E781C5F91BB0011BD40 /* Info.plist */,
				A6511E701C5F91BB0011BD40 /* LastWatchedEpisode.xcdatamodeld */,
				A6511E641C5F91BB0011BD40 /* Supporting Files */,
			);
			path = LastWatchedEpisode;
			sourceTree = "<group>";
		};
		A6511E641C5F91BB0011BD40 /* Supporting Files */ = {
			isa = PBXGroup;
			children = (
				A6511E651C5F91BB0011BD40 /* main.m */,
			);
			name = "Supporting Files";
			sourceTree = "<group>";
		};
		A6511E7E1C5F99A50011BD40 /* AppIcon.appiconset */ = {
			isa = PBXGroup;
			children = (
				A6511E7F1C5F99A50011BD40 /* Contents.json */,
			);
			path = AppIcon.appiconset;
			sourceTree = "<group>";
		};
		A6A6AEE01C6280370020DB3F /* ViewControllers */ = {
			isa = PBXGroup;
			children = (
				A6511E6A1C5F91BB0011BD40 /* HomePageViewController.h */,
				A6511E6B1C5F91BB0011BD40 /* HomePageViewController.m */,
				A6A6AEE11C6280890020DB3F /* FavoriteShowsViewController.h */,
				A6A6AEE21C6280890020DB3F /* FavoriteShowsViewController.m */,
				A6A6AEE41C641C7B0020DB3F /* AddMovieViewController.h */,
				A6A6AEE51C641C7B0020DB3F /* AddMovieViewController.m */,
				A6D64B201C65768700919A89 /* PopularShowsViewController.h */,
				A6D64B211C65768700919A89 /* PopularShowsViewController.m */,
				A60094B41C6606D90016CCC8 /* BrowseShowsViewController.h */,
				A60094B51C6606D90016CCC8 /* BrowseShowsViewController.m */,
				A628668D1C6634C00009CA57 /* RemoteShowDetailsViewController.h */,
				A628668E1C6634C00009CA57 /* RemoteShowDetailsViewController.m */,
				A6F953241C66DB2700810690 /* TrendingShowsViewController.h */,
				A6F953251C66DB2700810690 /* TrendingShowsViewController.m */,
				A6F953301C67693500810690 /* LocalShowDetailsViewController.h */,
				A6F953311C67693500810690 /* LocalShowDetailsViewController.m */,
			);
			name = ViewControllers;
			sourceTree = "<group>";
		};
		A6A6AEE71C641DDB0020DB3F /* Models */ = {
			isa = PBXGroup;
			children = (
				A6A6AEE81C641E0F0020DB3F /* PMShow.h */,
				A6A6AEE91C641E0F0020DB3F /* PMShow.m */,
				A6F953271C6739D200810690 /* PMShowModel.h */,
				A6F953281C6739D200810690 /* PMShowModel.m */,
				A6F9532A1C673B4000810690 /* Episode.h */,
				A6F9532B1C673B4000810690 /* Episode.m */,
				A6F9532D1C673BE000810690 /* Schedule.h */,
				A6F9532E1C673BE000810690 /* Schedule.m */,
			);
			name = Models;
			sourceTree = "<group>";
		};
		A6D64B151C65735100919A89 /* HttpData */ = {
			isa = PBXGroup;
			children = (
				A6D64B171C65739000919A89 /* PMHttpData.h */,
				A6D64B181C65739000919A89 /* PMHttpData.m */,
				A6D64B1A1C6573BF00919A89 /* PMHttpDataModel.h */,
			);
			name = HttpData;
			sourceTree = "<group>";
		};
		A6D64B161C65735C00919A89 /* Data */ = {
			isa = PBXGroup;
			children = (
				A6A6AEEB1C64C1D90020DB3F /* LocalData.h */,
				A6A6AEEC1C64C1D90020DB3F /* LocalData.m */,
			);
			name = Data;
			sourceTree = "<group>";
		};
		A6F953331C67E30D00810690 /* InternetConnection */ = {
			isa = PBXGroup;
			children = (
				A62866901C66989D0009CA57 /* CheckInternet.h */,
				A62866911C66989D0009CA57 /* CheckInternet.m */,
				A62866931C669A670009CA57 /* Reachability.h */,
				A62866941C669A670009CA57 /* Reachability.m */,
			);
			name = InternetConnection;
			sourceTree = "<group>";
		};
		A6F953341C67E32400810690 /* Views */ = {
			isa = PBXGroup;
			children = (
				A6F953351C67E35700810690 /* FavoriteShowsTableViewCell.h */,
				A6F953361C67E35700810690 /* FavoriteShowsTableViewCell.m */,
				A6F953371C67E35700810690 /* FavoriteShowsTableViewCell.xib */,
				A6F9533A1C67EEC500810690 /* TopShowsTableViewCell.h */,
				A6F9533B1C67EEC500810690 /* TopShowsTableViewCell.m */,
				A6F9533C1C67EEC500810690 /* TopShowsTableViewCell.xib */,
				A6F9533F1C68448C00810690 /* PMButton.h */,
				A6F953401C68448C00810690 /* PMButton.m */,
			);
			name = Views;
			sourceTree = "<group>";
		};
/* End PBXGroup section */

/* Begin PBXNativeTarget section */
		A6511E601C5F91BA0011BD40 /* LastWatchedEpisode */ = {
			isa = PBXNativeTarget;
			buildConfigurationList = A6511E7B1C5F91BB0011BD40 /* Build configuration list for PBXNativeTarget "LastWatchedEpisode" */;
			buildPhases = (
				2557B5898369A425F8AE499E /* Check Pods Manifest.lock */,
				A6511E5D1C5F91BA0011BD40 /* Sources */,
				A6511E5E1C5F91BA0011BD40 /* Frameworks */,
				A6511E5F1C5F91BA0011BD40 /* Resources */,
				0EE8EADE7576B9C3AB694BE3 /* Embed Pods Frameworks */,
				E806DE2AE6E98B67892EDA8F /* Copy Pods Resources */,
			);
			buildRules = (
			);
			dependencies = (
			);
			name = LastWatchedEpisode;
			productName = LastWatchedEpisode;
			productReference = A6511E611C5F91BA0011BD40 /* LastWatchedEpisode.app */;
			productType = "com.apple.product-type.application";
		};
/* End PBXNativeTarget section */

/* Begin PBXProject section */
		A6511E591C5F91BA0011BD40 /* Project object */ = {
			isa = PBXProject;
			attributes = {
				LastUpgradeCheck = 0720;
				ORGANIZATIONNAME = PeterMilchev;
				TargetAttributes = {
					A6511E601C5F91BA0011BD40 = {
						CreatedOnToolsVersion = 7.2;
						DevelopmentTeam = 6PG7KWU9WW;
					};
				};
			};
			buildConfigurationList = A6511E5C1C5F91BA0011BD40 /* Build configuration list for PBXProject "LastWatchedEpisode" */;
			compatibilityVersion = "Xcode 3.2";
			developmentRegion = English;
			hasScannedForEncodings = 0;
			knownRegions = (
				en,
				Base,
			);
			mainGroup = A6511E581C5F91BA0011BD40;
			productRefGroup = A6511E621C5F91BA0011BD40 /* Products */;
			projectDirPath = "";
			projectRoot = "";
			targets = (
				A6511E601C5F91BA0011BD40 /* LastWatchedEpisode */,
			);
		};
/* End PBXProject section */

/* Begin PBXResourcesBuildPhase section */
		A6511E5F1C5F91BA0011BD40 /* Resources */ = {
			isa = PBXResourcesBuildPhase;
			buildActionMask = 2147483647;
			files = (
				A6F9533E1C67EEC500810690 /* TopShowsTableViewCell.xib in Resources */,
				A6F953391C67E35700810690 /* FavoriteShowsTableViewCell.xib in Resources */,
				A6511E771C5F91BB0011BD40 /* LaunchScreen.storyboard in Resources */,
				A6511E741C5F91BB0011BD40 /* Assets.xcassets in Resources */,
				A6511E6F1C5F91BB0011BD40 /* Main.storyboard in Resources */,
				A6511E8B1C5F99A50011BD40 /* Contents.json in Resources */,
			);
			runOnlyForDeploymentPostprocessing = 0;
		};
/* End PBXResourcesBuildPhase section */

/* Begin PBXShellScriptBuildPhase section */
		0EE8EADE7576B9C3AB694BE3 /* Embed Pods Frameworks */ = {
			isa = PBXShellScriptBuildPhase;
			buildActionMask = 2147483647;
			files = (
			);
			inputPaths = (
			);
			name = "Embed Pods Frameworks";
			outputPaths = (
			);
			runOnlyForDeploymentPostprocessing = 0;
			shellPath = /bin/sh;
			shellScript = "\"${SRCROOT}/Pods/Target Support Files/Pods-LastWatchedEpisode/Pods-LastWatchedEpisode-frameworks.sh\"\n";
			showEnvVarsInLog = 0;
		};
		2557B5898369A425F8AE499E /* Check Pods Manifest.lock */ = {
			isa = PBXShellScriptBuildPhase;
			buildActionMask = 2147483647;
			files = (
			);
			inputPaths = (
			);
			name = "Check Pods Manifest.lock";
			outputPaths = (
			);
			runOnlyForDeploymentPostprocessing = 0;
			shellPath = /bin/sh;
			shellScript = "diff \"${PODS_ROOT}/../Podfile.lock\" \"${PODS_ROOT}/Manifest.lock\" > /dev/null\nif [[ $? != 0 ]] ; then\n    cat << EOM\nerror: The sandbox is not in sync with the Podfile.lock. Run 'pod install' or update your CocoaPods installation.\nEOM\n    exit 1\nfi\n";
			showEnvVarsInLog = 0;
		};
		E806DE2AE6E98B67892EDA8F /* Copy Pods Resources */ = {
			isa = PBXShellScriptBuildPhase;
			buildActionMask = 2147483647;
			files = (
			);
			inputPaths = (
			);
			name = "Copy Pods Resources";
			outputPaths = (
			);
			runOnlyForDeploymentPostprocessing = 0;
			shellPath = /bin/sh;
			shellScript = "\"${SRCROOT}/Pods/Target Support Files/Pods-LastWatchedEpisode/Pods-LastWatchedEpisode-resources.sh\"\n";
			showEnvVarsInLog = 0;
		};
/* End PBXShellScriptBuildPhase section */

/* Begin PBXSourcesBuildPhase section */
		A6511E5D1C5F91BA0011BD40 /* Sources */ = {
			isa = PBXSourcesBuildPhase;
			buildActionMask = 2147483647;
			files = (
				A6A6AEE31C6280890020DB3F /* FavoriteShowsViewController.m in Sources */,
				A6511E721C5F91BB0011BD40 /* LastWatchedEpisode.xcdatamodeld in Sources */,
				A6F953411C68448C00810690 /* PMButton.m in Sources */,
				A6F9532C1C673B4000810690 /* Episode.m in Sources */,
				A6F953321C67693500810690 /* LocalShowDetailsViewController.m in Sources */,
				A62866921C66989D0009CA57 /* CheckInternet.m in Sources */,
				A6A6AEEA1C641E0F0020DB3F /* PMShow.m in Sources */,
				A6D64B221C65768700919A89 /* PopularShowsViewController.m in Sources */,
				A6A6AEED1C64C1D90020DB3F /* LocalData.m in Sources */,
				A6F953381C67E35700810690 /* FavoriteShowsTableViewCell.m in Sources */,
				A6511E6C1C5F91BB0011BD40 /* HomePageViewController.m in Sources */,
				A6F953291C6739D200810690 /* PMShowModel.m in Sources */,
				A6F9533D1C67EEC500810690 /* TopShowsTableViewCell.m in Sources */,
				A6A6AEE61C641C7B0020DB3F /* AddMovieViewController.m in Sources */,
				A6F953261C66DB2700810690 /* TrendingShowsViewController.m in Sources */,
				A60094B61C6606D90016CCC8 /* BrowseShowsViewController.m in Sources */,
				A6F9532F1C673BE000810690 /* Schedule.m in Sources */,
				A6D64B191C65739000919A89 /* PMHttpData.m in Sources */,
				A62866951C669A670009CA57 /* Reachability.m in Sources */,
				A6511E691C5F91BB0011BD40 /* AppDelegate.m in Sources */,
				A628668F1C6634C00009CA57 /* RemoteShowDetailsViewController.m in Sources */,
				A6511E661C5F91BB0011BD40 /* main.m in Sources */,
			);
			runOnlyForDeploymentPostprocessing = 0;
		};
/* End PBXSourcesBuildPhase section */

/* Begin PBXVariantGroup section */
		A6511E6D1C5F91BB0011BD40 /* Main.storyboard */ = {
			isa = PBXVariantGroup;
			children = (
				A6511E6E1C5F91BB0011BD40 /* Base */,
			);
			name = Main.storyboard;
			sourceTree = "<group>";
		};
		A6511E751C5F91BB0011BD40 /* LaunchScreen.storyboard */ = {
			isa = PBXVariantGroup;
			children = (
				A6511E761C5F91BB0011BD40 /* Base */,
			);
			name = LaunchScreen.storyboard;
			sourceTree = "<group>";
		};
/* End PBXVariantGroup section */

/* Begin XCBuildConfiguration section */
		A6511E791C5F91BB0011BD40 /* Debug */ = {
			isa = XCBuildConfiguration;
			buildSettings = {
				ALWAYS_SEARCH_USER_PATHS = NO;
				CLANG_CXX_LANGUAGE_STANDARD = "gnu++0x";
				CLANG_CXX_LIBRARY = "libc++";
				CLANG_ENABLE_MODULES = YES;
				CLANG_ENABLE_OBJC_ARC = YES;
				CLANG_WARN_BOOL_CONVERSION = YES;
				CLANG_WARN_CONSTANT_CONVERSION = YES;
				CLANG_WARN_DIRECT_OBJC_ISA_USAGE = YES_ERROR;
				CLANG_WARN_EMPTY_BODY = YES;
				CLANG_WARN_ENUM_CONVERSION = YES;
				CLANG_WARN_INT_CONVERSION = YES;
				CLANG_WARN_OBJC_ROOT_CLASS = YES_ERROR;
				CLANG_WARN_UNREACHABLE_CODE = YES;
				CLANG_WARN__DUPLICATE_METHOD_MATCH = YES;
				"CODE_SIGN_IDENTITY[sdk=iphoneos*]" = "iPhone Developer";
				COPY_PHASE_STRIP = NO;
				DEBUG_INFORMATION_FORMAT = dwarf;
				ENABLE_STRICT_OBJC_MSGSEND = YES;
				ENABLE_TESTABILITY = YES;
				GCC_C_LANGUAGE_STANDARD = gnu99;
				GCC_DYNAMIC_NO_PIC = NO;
				GCC_NO_COMMON_BLOCKS = YES;
				GCC_OPTIMIZATION_LEVEL = 0;
				GCC_PREPROCESSOR_DEFINITIONS = (
					"DEBUG=1",
					"$(inherited)",
				);
				GCC_WARN_64_TO_32_BIT_CONVERSION = YES;
				GCC_WARN_ABOUT_RETURN_TYPE = YES_ERROR;
				GCC_WARN_UNDECLARED_SELECTOR = YES;
				GCC_WARN_UNINITIALIZED_AUTOS = YES_AGGRESSIVE;
				GCC_WARN_UNUSED_FUNCTION = YES;
				GCC_WARN_UNUSED_VARIABLE = YES;
				IPHONEOS_DEPLOYMENT_TARGET = 9.2;
				MTL_ENABLE_DEBUG_INFO = YES;
				ONLY_ACTIVE_ARCH = YES;
				SDKROOT = iphoneos;
			};
			name = Debug;
		};
		A6511E7A1C5F91BB0011BD40 /* Release */ = {
			isa = XCBuildConfiguration;
			buildSettings = {
				ALWAYS_SEARCH_USER_PATHS = NO;
				CLANG_CXX_LANGUAGE_STANDARD = "gnu++0x";
				CLANG_CXX_LIBRARY = "libc++";
				CLANG_ENABLE_MODULES = YES;
				CLANG_ENABLE_OBJC_ARC = YES;
				CLANG_WARN_BOOL_CONVERSION = YES;
				CLANG_WARN_CONSTANT_CONVERSION = YES;
				CLANG_WARN_DIRECT_OBJC_ISA_USAGE = YES_ERROR;
				CLANG_WARN_EMPTY_BODY = YES;
				CLANG_WARN_ENUM_CONVERSION = YES;
				CLANG_WARN_INT_CONVERSION = YES;
				CLANG_WARN_OBJC_ROOT_CLASS = YES_ERROR;
				CLANG_WARN_UNREACHABLE_CODE = YES;
				CLANG_WARN__DUPLICATE_METHOD_MATCH = YES;
				"CODE_SIGN_IDENTITY[sdk=iphoneos*]" = "iPhone Developer";
				COPY_PHASE_STRIP = NO;
				DEBUG_INFORMATION_FORMAT = "dwarf-with-dsym";
				ENABLE_NS_ASSERTIONS = NO;
				ENABLE_STRICT_OBJC_MSGSEND = YES;
				GCC_C_LANGUAGE_STANDARD = gnu99;
				GCC_NO_COMMON_BLOCKS = YES;
				GCC_WARN_64_TO_32_BIT_CONVERSION = YES;
				GCC_WARN_ABOUT_RETURN_TYPE = YES_ERROR;
				GCC_WARN_UNDECLARED_SELECTOR = YES;
				GCC_WARN_UNINITIALIZED_AUTOS = YES_AGGRESSIVE;
				GCC_WARN_UNUSED_FUNCTION = YES;
				GCC_WARN_UNUSED_VARIABLE = YES;
				IPHONEOS_DEPLOYMENT_TARGET = 9.2;
				MTL_ENABLE_DEBUG_INFO = NO;
				SDKROOT = iphoneos;
				VALIDATE_PRODUCT = YES;
			};
			name = Release;
		};
		A6511E7C1C5F91BB0011BD40 /* Debug */ = {
			isa = XCBuildConfiguration;
			baseConfigurationReference = AE761C722F52B627E9D1BA8B /* Pods-LastWatchedEpisode.debug.xcconfig */;
			buildSettings = {
				ASSETCATALOG_COMPILER_APPICON_NAME = AppIcon;
				CLANG_ENABLE_MODULES = YES;
				INFOPLIST_FILE = LastWatchedEpisode/Info.plist;
				LD_RUNPATH_SEARCH_PATHS = "$(inherited) @executable_path/Frameworks";
				PRODUCT_BUNDLE_IDENTIFIER = PM.LastWatchedEpisode;
				PRODUCT_NAME = "$(TARGET_NAME)";
				SWIFT_OBJC_BRIDGING_HEADER = "LastWatchedEpisode/LastWatchedEpisode-Bridging-Header.h";
				SWIFT_OPTIMIZATION_LEVEL = "-Onone";
			};
			name = Debug;
		};
		A6511E7D1C5F91BB0011BD40 /* Release */ = {
			isa = XCBuildConfiguration;
			baseConfigurationReference = 140910E68AC90C2E8C7274CA /* Pods-LastWatchedEpisode.release.xcconfig */;
			buildSettings = {
				ASSETCATALOG_COMPILER_APPICON_NAME = AppIcon;
				CLANG_ENABLE_MODULES = YES;
				INFOPLIST_FILE = LastWatchedEpisode/Info.plist;
				LD_RUNPATH_SEARCH_PATHS = "$(inherited) @executable_path/Frameworks";
				PRODUCT_BUNDLE_IDENTIFIER = PM.LastWatchedEpisode;
				PRODUCT_NAME = "$(TARGET_NAME)";
				SWIFT_OBJC_BRIDGING_HEADER = "LastWatchedEpisode/LastWatchedEpisode-Bridging-Header.h";
			};
			name = Release;
		};
/* End XCBuildConfiguration section */

/* Begin XCConfigurationList section */
		A6511E5C1C5F91BA0011BD40 /* Build configuration list for PBXProject "LastWatchedEpisode" */ = {
			isa = XCConfigurationList;
			buildConfigurations = (
				A6511E791C5F91BB0011BD40 /* Debug */,
				A6511E7A1C5F91BB0011BD40 /* Release */,
			);
			defaultConfigurationIsVisible = 0;
			defaultConfigurationName = Release;
		};
		A6511E7B1C5F91BB0011BD40 /* Build configuration list for PBXNativeTarget "LastWatchedEpisode" */ = {
			isa = XCConfigurationList;
			buildConfigurations = (
				A6511E7C1C5F91BB0011BD40 /* Debug */,
				A6511E7D1C5F91BB0011BD40 /* Release */,
			);
			defaultConfigurationIsVisible = 0;
			defaultConfigurationName = Release;
		};
/* End XCConfigurationList section */

/* Begin XCVersionGroup section */
		A6511E701C5F91BB0011BD40 /* LastWatchedEpisode.xcdatamodeld */ = {
			isa = XCVersionGroup;
			children = (
				A6511E711C5F91BB0011BD40 /* LastWatchedEpisode.xcdatamodel */,
			);
			currentVersion = A6511E711C5F91BB0011BD40 /* LastWatchedEpisode.xcdatamodel */;
			path = LastWatchedEpisode.xcdatamodeld;
			sourceTree = "<group>";
			versionGroupType = wrapper.xcdatamodel;
		};
/* End XCVersionGroup section */
	};
	rootObject = A6511E591C5F91BA0011BD40 /* Project object */;
}
